// !$*UTF8*$!
{
	archiveVersion = 1;
	classes = {
	};
	objectVersion = 46;
	objects = {

/* Begin PBXBuildFile section */
		650BE4231E689456001CC0D8 /* AppDelegate.swift in Sources */ = {isa = PBXBuildFile; fileRef = 650BE4221E689456001CC0D8 /* AppDelegate.swift */; };
		650BE4251E689456001CC0D8 /* ViewController.swift in Sources */ = {isa = PBXBuildFile; fileRef = 650BE4241E689456001CC0D8 /* ViewController.swift */; };
		650BE4281E689456001CC0D8 /* Main.storyboard in Resources */ = {isa = PBXBuildFile; fileRef = 650BE4261E689456001CC0D8 /* Main.storyboard */; };
		650BE42B1E689456001CC0D8 /* StudyUp.xcdatamodeld in Sources */ = {isa = PBXBuildFile; fileRef = 650BE4291E689456001CC0D8 /* StudyUp.xcdatamodeld */; };
		650BE42D1E689456001CC0D8 /* Assets.xcassets in Resources */ = {isa = PBXBuildFile; fileRef = 650BE42C1E689456001CC0D8 /* Assets.xcassets */; };
		650BE4301E689456001CC0D8 /* LaunchScreen.storyboard in Resources */ = {isa = PBXBuildFile; fileRef = 650BE42E1E689456001CC0D8 /* LaunchScreen.storyboard */; };
		650BE43B1E689456001CC0D8 /* StudyUpTests.swift in Sources */ = {isa = PBXBuildFile; fileRef = 650BE43A1E689456001CC0D8 /* StudyUpTests.swift */; };
		650BE4461E689456001CC0D8 /* StudyUpUITests.swift in Sources */ = {isa = PBXBuildFile; fileRef = 650BE4451E689456001CC0D8 /* StudyUpUITests.swift */; };
/* End PBXBuildFile section */

/* Begin PBXContainerItemProxy section */
		650BE4371E689456001CC0D8 /* PBXContainerItemProxy */ = {
			isa = PBXContainerItemProxy;
			containerPortal = 650BE4171E689456001CC0D8 /* Project object */;
			proxyType = 1;
			remoteGlobalIDString = 650BE41E1E689456001CC0D8;
			remoteInfo = StudyUp;
		};
		650BE4421E689456001CC0D8 /* PBXContainerItemProxy */ = {
			isa = PBXContainerItemProxy;
			containerPortal = 650BE4171E689456001CC0D8 /* Project object */;
			proxyType = 1;
			remoteGlobalIDString = 650BE41E1E689456001CC0D8;
			remoteInfo = StudyUp;
		};
/* End PBXContainerItemProxy section */

/* Begin PBXFileReference section */
		650BE41F1E689456001CC0D8 /* StudyUp.app */ = {isa = PBXFileReference; explicitFileType = wrapper.application; includeInIndex = 0; path = StudyUp.app; sourceTree = BUILT_PRODUCTS_DIR; };
		650BE4221E689456001CC0D8 /* AppDelegate.swift */ = {isa = PBXFileReference; lastKnownFileType = sourcecode.swift; path = AppDelegate.swift; sourceTree = "<group>"; };
		650BE4241E689456001CC0D8 /* ViewController.swift */ = {isa = PBXFileReference; lastKnownFileType = sourcecode.swift; path = ViewController.swift; sourceTree = "<group>"; };
		650BE4271E689456001CC0D8 /* Base */ = {isa = PBXFileReference; lastKnownFileType = file.storyboard; name = Base; path = Base.lproj/Main.storyboard; sourceTree = "<group>"; };
		650BE42A1E689456001CC0D8 /* StudyUp.xcdatamodel */ = {isa = PBXFileReference; lastKnownFileType = wrapper.xcdatamodel; path = StudyUp.xcdatamodel; sourceTree = "<group>"; };
		650BE42C1E689456001CC0D8 /* Assets.xcassets */ = {isa = PBXFileReference; lastKnownFileType = folder.assetcatalog; path = Assets.xcassets; sourceTree = "<group>"; };
		650BE42F1E689456001CC0D8 /* Base */ = {isa = PBXFileReference; lastKnownFileType = file.storyboard; name = Base; path = Base.lproj/LaunchScreen.storyboard; sourceTree = "<group>"; };
		650BE4311E689456001CC0D8 /* Info.plist */ = {isa = PBXFileReference; lastKnownFileType = text.plist.xml; path = Info.plist; sourceTree = "<group>"; };
		650BE4361E689456001CC0D8 /* StudyUpTests.xctest */ = {isa = PBXFileReference; explicitFileType = wrapper.cfbundle; includeInIndex = 0; path = StudyUpTests.xctest; sourceTree = BUILT_PRODUCTS_DIR; };
		650BE43A1E689456001CC0D8 /* StudyUpTests.swift */ = {isa = PBXFileReference; lastKnownFileType = sourcecode.swift; path = StudyUpTests.swift; sourceTree = "<group>"; };
		650BE43C1E689456001CC0D8 /* Info.plist */ = {isa = PBXFileReference; lastKnownFileType = text.plist.xml; path = Info.plist; sourceTree = "<group>"; };
		650BE4411E689456001CC0D8 /* StudyUpUITests.xctest */ = {isa = PBXFileReference; explicitFileType = wrapper.cfbundle; includeInIndex = 0; path = StudyUpUITests.xctest; sourceTree = BUILT_PRODUCTS_DIR; };
		650BE4451E689456001CC0D8 /* StudyUpUITests.swift */ = {isa = PBXFileReference; lastKnownFileType = sourcecode.swift; path = StudyUpUITests.swift; sourceTree = "<group>"; };
		650BE4471E689456001CC0D8 /* Info.plist */ = {isa = PBXFileReference; lastKnownFileType = text.plist.xml; path = Info.plist; sourceTree = "<group>"; };
/* End PBXFileReference section */

/* Begin PBXFrameworksBuildPhase section */
		650BE41C1E689456001CC0D8 /* Frameworks */ = {
			isa = PBXFrameworksBuildPhase;
			buildActionMask = 2147483647;
			files = (
			);
			runOnlyForDeploymentPostprocessing = 0;
		};
		650BE4331E689456001CC0D8 /* Frameworks */ = {
			isa = PBXFrameworksBuildPhase;
			buildActionMask = 2147483647;
			files = (
			);
			runOnlyForDeploymentPostprocessing = 0;
		};
		650BE43E1E689456001CC0D8 /* Frameworks */ = {
			isa = PBXFrameworksBuildPhase;
			buildActionMask = 2147483647;
			files = (
			);
			runOnlyForDeploymentPostprocessing = 0;
		};
/* End PBXFrameworksBuildPhase section */

/* Begin PBXGroup section */
		650BE4161E689456001CC0D8 = {
			isa = PBXGroup;
			children = (
				650BE4211E689456001CC0D8 /* StudyUp */,
				650BE4391E689456001CC0D8 /* StudyUpTests */,
				650BE4441E689456001CC0D8 /* StudyUpUITests */,
				650BE4201E689456001CC0D8 /* Products */,
			);
			sourceTree = "<group>";
		};
		650BE4201E689456001CC0D8 /* Products */ = {
			isa = PBXGroup;
			children = (
				650BE41F1E689456001CC0D8 /* StudyUp.app */,
				650BE4361E689456001CC0D8 /* StudyUpTests.xctest */,
				650BE4411E689456001CC0D8 /* StudyUpUITests.xctest */,
			);
			name = Products;
			sourceTree = "<group>";
		};
		650BE4211E689456001CC0D8 /* StudyUp */ = {
			isa = PBXGroup;
			children = (
				650BE4221E689456001CC0D8 /* AppDelegate.swift */,
				650BE4241E689456001CC0D8 /* ViewController.swift */,
				650BE4261E689456001CC0D8 /* Main.storyboard */,
				650BE42C1E689456001CC0D8 /* Assets.xcassets */,
				650BE42E1E689456001CC0D8 /* LaunchScreen.storyboard */,
				650BE4311E689456001CC0D8 /* Info.plist */,
				650BE4291E689456001CC0D8 /* StudyUp.xcdatamodeld */,
			);
			path = StudyUp;
			sourceTree = "<group>";
		};
		650BE4391E689456001CC0D8 /* StudyUpTests */ = {
			isa = PBXGroup;
			children = (
				650BE43A1E689456001CC0D8 /* StudyUpTests.swift */,
				650BE43C1E689456001CC0D8 /* Info.plist */,
			);
			path = StudyUpTests;
			sourceTree = "<group>";
		};
		650BE4441E689456001CC0D8 /* StudyUpUITests */ = {
			isa = PBXGroup;
			children = (
				650BE4451E689456001CC0D8 /* StudyUpUITests.swift */,
				650BE4471E689456001CC0D8 /* Info.plist */,
			);
			path = StudyUpUITests;
			sourceTree = "<group>";
		};
/* End PBXGroup section */

/* Begin PBXNativeTarget section */
		650BE41E1E689456001CC0D8 /* StudyUp */ = {
			isa = PBXNativeTarget;
			buildConfigurationList = 650BE44A1E689456001CC0D8 /* Build configuration list for PBXNativeTarget "StudyUp" */;
			buildPhases = (
				650BE41B1E689456001CC0D8 /* Sources */,
				650BE41C1E689456001CC0D8 /* Frameworks */,
				650BE41D1E689456001CC0D8 /* Resources */,
			);
			buildRules = (
			);
			dependencies = (
			);
			name = StudyUp;
			productName = StudyUp;
			productReference = 650BE41F1E689456001CC0D8 /* StudyUp.app */;
			productType = "com.apple.product-type.application";
		};
		650BE4351E689456001CC0D8 /* StudyUpTests */ = {
			isa = PBXNativeTarget;
			buildConfigurationList = 650BE44D1E689456001CC0D8 /* Build configuration list for PBXNativeTarget "StudyUpTests" */;
			buildPhases = (
				650BE4321E689456001CC0D8 /* Sources */,
				650BE4331E689456001CC0D8 /* Frameworks */,
				650BE4341E689456001CC0D8 /* Resources */,
			);
			buildRules = (
			);
			dependencies = (
				650BE4381E689456001CC0D8 /* PBXTargetDependency */,
			);
			name = StudyUpTests;
			productName = StudyUpTests;
			productReference = 650BE4361E689456001CC0D8 /* StudyUpTests.xctest */;
			productType = "com.apple.product-type.bundle.unit-test";
		};
		650BE4401E689456001CC0D8 /* StudyUpUITests */ = {
			isa = PBXNativeTarget;
			buildConfigurationList = 650BE4501E689456001CC0D8 /* Build configuration list for PBXNativeTarget "StudyUpUITests" */;
			buildPhases = (
				650BE43D1E689456001CC0D8 /* Sources */,
				650BE43E1E689456001CC0D8 /* Frameworks */,
				650BE43F1E689456001CC0D8 /* Resources */,
			);
			buildRules = (
			);
			dependencies = (
				650BE4431E689456001CC0D8 /* PBXTargetDependency */,
			);
			name = StudyUpUITests;
			productName = StudyUpUITests;
			productReference = 650BE4411E689456001CC0D8 /* StudyUpUITests.xctest */;
			productType = "com.apple.product-type.bundle.ui-testing";
		};
/* End PBXNativeTarget section */

/* Begin PBXProject section */
		650BE4171E689456001CC0D8 /* Project object */ = {
			isa = PBXProject;
			attributes = {
				LastSwiftUpdateCheck = 0820;
				LastUpgradeCheck = 0820;
				ORGANIZATIONNAME = "SFU Health++";
				TargetAttributes = {
					650BE41E1E689456001CC0D8 = {
						CreatedOnToolsVersion = 8.2.1;
						DevelopmentTeam = 8687349LQB;
						ProvisioningStyle = Automatic;
					};
					650BE4351E689456001CC0D8 = {
						CreatedOnToolsVersion = 8.2.1;
						DevelopmentTeam = 8687349LQB;
						ProvisioningStyle = Automatic;
						TestTargetID = 650BE41E1E689456001CC0D8;
					};
					650BE4401E689456001CC0D8 = {
						CreatedOnToolsVersion = 8.2.1;
						DevelopmentTeam = 8687349LQB;
						ProvisioningStyle = Automatic;
						TestTargetID = 650BE41E1E689456001CC0D8;
					};
				};
			};
			buildConfigurationList = 650BE41A1E689456001CC0D8 /* Build configuration list for PBXProject "StudyUp" */;
			compatibilityVersion = "Xcode 3.2";
			developmentRegion = English;
			hasScannedForEncodings = 0;
			knownRegions = (
				en,
				Base,
			);
			mainGroup = 650BE4161E689456001CC0D8;
			productRefGroup = 650BE4201E689456001CC0D8 /* Products */;
			projectDirPath = "";
			projectRoot = "";
			targets = (
				650BE41E1E689456001CC0D8 /* StudyUp */,
				650BE4351E689456001CC0D8 /* StudyUpTests */,
				650BE4401E689456001CC0D8 /* StudyUpUITests */,
			);
		};
/* End PBXProject section */

/* Begin PBXResourcesBuildPhase section */
		650BE41D1E689456001CC0D8 /* Resources */ = {
			isa = PBXResourcesBuildPhase;
			buildActionMask = 2147483647;
			files = (
				650BE4301E689456001CC0D8 /* LaunchScreen.storyboard in Resources */,
				650BE42D1E689456001CC0D8 /* Assets.xcassets in Resources */,
				650BE4281E689456001CC0D8 /* Main.storyboard in Resources */,
			);
			runOnlyForDeploymentPostprocessing = 0;
		};
		650BE4341E689456001CC0D8 /* Resources */ = {
			isa = PBXResourcesBuildPhase;
			buildActionMask = 2147483647;
			files = (
			);
			runOnlyForDeploymentPostprocessing = 0;
		};
		650BE43F1E689456001CC0D8 /* Resources */ = {
			isa = PBXResourcesBuildPhase;
			buildActionMask = 2147483647;
			files = (
			);
			runOnlyForDeploymentPostprocessing = 0;
		};
/* End PBXResourcesBuildPhase section */

/* Begin PBXSourcesBuildPhase section */
		650BE41B1E689456001CC0D8 /* Sources */ = {
			isa = PBXSourcesBuildPhase;
			buildActionMask = 2147483647;
			files = (
				650BE42B1E689456001CC0D8 /* StudyUp.xcdatamodeld in Sources */,
				650BE4251E689456001CC0D8 /* ViewController.swift in Sources */,
				650BE4231E689456001CC0D8 /* AppDelegate.swift in Sources */,
			);
			runOnlyForDeploymentPostprocessing = 0;
		};
		650BE4321E689456001CC0D8 /* Sources */ = {
			isa = PBXSourcesBuildPhase;
			buildActionMask = 2147483647;
			files = (
				650BE43B1E689456001CC0D8 /* StudyUpTests.swift in Sources */,
			);
			runOnlyForDeploymentPostprocessing = 0;
		};
		650BE43D1E689456001CC0D8 /* Sources */ = {
			isa = PBXSourcesBuildPhase;
			buildActionMask = 2147483647;
			files = (
				650BE4461E689456001CC0D8 /* StudyUpUITests.swift in Sources */,
			);
			runOnlyForDeploymentPostprocessing = 0;
		};
/* End PBXSourcesBuildPhase section */

/* Begin PBXTargetDependency section */
		650BE4381E689456001CC0D8 /* PBXTargetDependency */ = {
			isa = PBXTargetDependency;
			target = 650BE41E1E689456001CC0D8 /* StudyUp */;
			targetProxy = 650BE4371E689456001CC0D8 /* PBXContainerItemProxy */;
		};
		650BE4431E689456001CC0D8 /* PBXTargetDependency */ = {
			isa = PBXTargetDependency;
			target = 650BE41E1E689456001CC0D8 /* StudyUp */;
			targetProxy = 650BE4421E689456001CC0D8 /* PBXContainerItemProxy */;
		};
/* End PBXTargetDependency section */

/* Begin PBXVariantGroup section */
		650BE4261E689456001CC0D8 /* Main.storyboard */ = {
			isa = PBXVariantGroup;
			children = (
				650BE4271E689456001CC0D8 /* Base */,
			);
			name = Main.storyboard;
			sourceTree = "<group>";
		};
		650BE42E1E689456001CC0D8 /* LaunchScreen.storyboard */ = {
			isa = PBXVariantGroup;
			children = (
				650BE42F1E689456001CC0D8 /* Base */,
			);
			name = LaunchScreen.storyboard;
			sourceTree = "<group>";
		};
/* End PBXVariantGroup section */

/* Begin XCBuildConfiguration section */
		650BE4481E689456001CC0D8 /* Debug */ = {
			isa = XCBuildConfiguration;
			buildSettings = {
				ALWAYS_SEARCH_USER_PATHS = NO;
				CLANG_ANALYZER_NONNULL = YES;
				CLANG_CXX_LANGUAGE_STANDARD = "gnu++0x";
				CLANG_CXX_LIBRARY = "libc++";
				CLANG_ENABLE_MODULES = YES;
				CLANG_ENABLE_OBJC_ARC = YES;
				CLANG_WARN_BOOL_CONVERSION = YES;
				CLANG_WARN_CONSTANT_CONVERSION = YES;
				CLANG_WARN_DIRECT_OBJC_ISA_USAGE = YES_ERROR;
				CLANG_WARN_DOCUMENTATION_COMMENTS = YES;
				CLANG_WARN_EMPTY_BODY = YES;
				CLANG_WARN_ENUM_CONVERSION = YES;
				CLANG_WARN_INFINITE_RECURSION = YES;
				CLANG_WARN_INT_CONVERSION = YES;
				CLANG_WARN_OBJC_ROOT_CLASS = YES_ERROR;
				CLANG_WARN_SUSPICIOUS_MOVE = YES;
				CLANG_WARN_UNREACHABLE_CODE = YES;
				CLANG_WARN__DUPLICATE_METHOD_MATCH = YES;
				"CODE_SIGN_IDENTITY[sdk=iphoneos*]" = "iPhone Developer";
				COPY_PHASE_STRIP = NO;
				DEBUG_INFORMATION_FORMAT = dwarf;
				ENABLE_STRICT_OBJC_MSGSEND = YES;
				ENABLE_TESTABILITY = YES;
				GCC_C_LANGUAGE_STANDARD = gnu99;
				GCC_DYNAMIC_NO_PIC = NO;
				GCC_NO_COMMON_BLOCKS = YES;
				GCC_OPTIMIZATION_LEVEL = 0;
				GCC_PREPROCESSOR_DEFINITIONS = (
					"DEBUG=1",
					"$(inherited)",
				);
				GCC_WARN_64_TO_32_BIT_CONVERSION = YES;
				GCC_WARN_ABOUT_RETURN_TYPE = YES_ERROR;
				GCC_WARN_UNDECLARED_SELECTOR = YES;
				GCC_WARN_UNINITIALIZED_AUTOS = YES_AGGRESSIVE;
				GCC_WARN_UNUSED_FUNCTION = YES;
				GCC_WARN_UNUSED_VARIABLE = YES;
				IPHONEOS_DEPLOYMENT_TARGET = 10.2;
				MTL_ENABLE_DEBUG_INFO = YES;
				ONLY_ACTIVE_ARCH = YES;
				SDKROOT = iphoneos;
				SWIFT_ACTIVE_COMPILATION_CONDITIONS = DEBUG;
				SWIFT_OPTIMIZATION_LEVEL = "-Onone";
				TARGETED_DEVICE_FAMILY = "1,2";
			};
			name = Debug;
		};
		650BE4491E689456001CC0D8 /* Release */ = {
			isa = XCBuildConfiguration;
			buildSettings = {
				ALWAYS_SEARCH_USER_PATHS = NO;
				CLANG_ANALYZER_NONNULL = YES;
				CLANG_CXX_LANGUAGE_STANDARD = "gnu++0x";
				CLANG_CXX_LIBRARY = "libc++";
				CLANG_ENABLE_MODULES = YES;
				CLANG_ENABLE_OBJC_ARC = YES;
				CLANG_WARN_BOOL_CONVERSION = YES;
				CLANG_WARN_CONSTANT_CONVERSION = YES;
				CLANG_WARN_DIRECT_OBJC_ISA_USAGE = YES_ERROR;
				CLANG_WARN_DOCUMENTATION_COMMENTS = YES;
				CLANG_WARN_EMPTY_BODY = YES;
				CLANG_WARN_ENUM_CONVERSION = YES;
				CLANG_WARN_INFINITE_RECURSION = YES;
				CLANG_WARN_INT_CONVERSION = YES;
				CLANG_WARN_OBJC_ROOT_CLASS = YES_ERROR;
				CLANG_WARN_SUSPICIOUS_MOVE = YES;
				CLANG_WARN_UNREACHABLE_CODE = YES;
				CLANG_WARN__DUPLICATE_METHOD_MATCH = YES;
				"CODE_SIGN_IDENTITY[sdk=iphoneos*]" = "iPhone Developer";
				COPY_PHASE_STRIP = NO;
				DEBUG_INFORMATION_FORMAT = "dwarf-with-dsym";
				ENABLE_NS_ASSERTIONS = NO;
				ENABLE_STRICT_OBJC_MSGSEND = YES;
				GCC_C_LANGUAGE_STANDARD = gnu99;
				GCC_NO_COMMON_BLOCKS = YES;
				GCC_WARN_64_TO_32_BIT_CONVERSION = YES;
				GCC_WARN_ABOUT_RETURN_TYPE = YES_ERROR;
				GCC_WARN_UNDECLARED_SELECTOR = YES;
				GCC_WARN_UNINITIALIZED_AUTOS = YES_AGGRESSIVE;
				GCC_WARN_UNUSED_FUNCTION = YES;
				GCC_WARN_UNUSED_VARIABLE = YES;
				IPHONEOS_DEPLOYMENT_TARGET = 10.2;
				MTL_ENABLE_DEBUG_INFO = NO;
				SDKROOT = iphoneos;
				SWIFT_OPTIMIZATION_LEVEL = "-Owholemodule";
				TARGETED_DEVICE_FAMILY = "1,2";
				VALIDATE_PRODUCT = YES;
			};
			name = Release;
		};
		650BE44B1E689456001CC0D8 /* Debug */ = {
			isa = XCBuildConfiguration;
			buildSettings = {
				ASSETCATALOG_COMPILER_APPICON_NAME = AppIcon;
				DEVELOPMENT_TEAM = 8687349LQB;
				INFOPLIST_FILE = StudyUp/Info.plist;
				LD_RUNPATH_SEARCH_PATHS = "$(inherited) @executable_path/Frameworks";
				PRODUCT_BUNDLE_IDENTIFIER = com.sfuhealthplusplus.StudyUp;
				PRODUCT_NAME = "$(TARGET_NAME)";
				SWIFT_VERSION = 3.0;
			};
			name = Debug;
		};
		650BE44C1E689456001CC0D8 /* Release */ = {
			isa = XCBuildConfiguration;
			buildSettings = {
				ASSETCATALOG_COMPILER_APPICON_NAME = AppIcon;
				DEVELOPMENT_TEAM = 8687349LQB;
				INFOPLIST_FILE = StudyUp/Info.plist;
				LD_RUNPATH_SEARCH_PATHS = "$(inherited) @executable_path/Frameworks";
				PRODUCT_BUNDLE_IDENTIFIER = com.sfuhealthplusplus.StudyUp;
				PRODUCT_NAME = "$(TARGET_NAME)";
				SWIFT_VERSION = 3.0;
			};
			name = Release;
		};
		650BE44E1E689456001CC0D8 /* Debug */ = {
			isa = XCBuildConfiguration;
			buildSettings = {
				ALWAYS_EMBED_SWIFT_STANDARD_LIBRARIES = YES;
				BUNDLE_LOADER = "$(TEST_HOST)";
				DEVELOPMENT_TEAM = 8687349LQB;
				INFOPLIST_FILE = StudyUpTests/Info.plist;
				LD_RUNPATH_SEARCH_PATHS = "$(inherited) @executable_path/Frameworks @loader_path/Frameworks";
				PRODUCT_BUNDLE_IDENTIFIER = com.sfuhealthplusplus.StudyUpTests;
				PRODUCT_NAME = "$(TARGET_NAME)";
				SWIFT_VERSION = 3.0;
				TEST_HOST = "$(BUILT_PRODUCTS_DIR)/StudyUp.app/StudyUp";
			};
			name = Debug;
		};
		650BE44F1E689456001CC0D8 /* Release */ = {
			isa = XCBuildConfiguration;
			buildSettings = {
				ALWAYS_EMBED_SWIFT_STANDARD_LIBRARIES = YES;
				BUNDLE_LOADER = "$(TEST_HOST)";
				DEVELOPMENT_TEAM = 8687349LQB;
				INFOPLIST_FILE = StudyUpTests/Info.plist;
				LD_RUNPATH_SEARCH_PATHS = "$(inherited) @executable_path/Frameworks @loader_path/Frameworks";
				PRODUCT_BUNDLE_IDENTIFIER = com.sfuhealthplusplus.StudyUpTests;
				PRODUCT_NAME = "$(TARGET_NAME)";
				SWIFT_VERSION = 3.0;
				TEST_HOST = "$(BUILT_PRODUCTS_DIR)/StudyUp.app/StudyUp";
			};
			name = Release;
		};
		650BE4511E689456001CC0D8 /* Debug */ = {
			isa = XCBuildConfiguration;
			buildSettings = {
				ALWAYS_EMBED_SWIFT_STANDARD_LIBRARIES = YES;
				DEVELOPMENT_TEAM = 8687349LQB;
				INFOPLIST_FILE = StudyUpUITests/Info.plist;
				LD_RUNPATH_SEARCH_PATHS = "$(inherited) @executable_path/Frameworks @loader_path/Frameworks";
				PRODUCT_BUNDLE_IDENTIFIER = com.sfuhealthplusplus.StudyUpUITests;
				PRODUCT_NAME = "$(TARGET_NAME)";
				SWIFT_VERSION = 3.0;
				TEST_TARGET_NAME = StudyUp;
			};
			name = Debug;
		};
		650BE4521E689456001CC0D8 /* Release */ = {
			isa = XCBuildConfiguration;
			buildSettings = {
				ALWAYS_EMBED_SWIFT_STANDARD_LIBRARIES = YES;
				DEVELOPMENT_TEAM = 8687349LQB;
				INFOPLIST_FILE = StudyUpUITests/Info.plist;
				LD_RUNPATH_SEARCH_PATHS = "$(inherited) @executable_path/Frameworks @loader_path/Frameworks";
				PRODUCT_BUNDLE_IDENTIFIER = com.sfuhealthplusplus.StudyUpUITests;
				PRODUCT_NAME = "$(TARGET_NAME)";
				SWIFT_VERSION = 3.0;
				TEST_TARGET_NAME = StudyUp;
			};
			name = Release;
		};
/* End XCBuildConfiguration section */

/* Begin XCConfigurationList section */
		650BE41A1E689456001CC0D8 /* Build configuration list for PBXProject "StudyUp" */ = {
			isa = XCConfigurationList;
			buildConfigurations = (
				650BE4481E689456001CC0D8 /* Debug */,
				650BE4491E689456001CC0D8 /* Release */,
			);
			defaultConfigurationIsVisible = 0;
			defaultConfigurationName = Release;
		};
		650BE44A1E689456001CC0D8 /* Build configuration list for PBXNativeTarget "StudyUp" */ = {
			isa = XCConfigurationList;
			buildConfigurations = (
				650BE44B1E689456001CC0D8 /* Debug */,
				650BE44C1E689456001CC0D8 /* Release */,
			);
			defaultConfigurationIsVisible = 0;
		};
		650BE44D1E689456001CC0D8 /* Build configuration list for PBXNativeTarget "StudyUpTests" */ = {
			isa = XCConfigurationList;
			buildConfigurations = (
				650BE44E1E689456001CC0D8 /* Debug */,
				650BE44F1E689456001CC0D8 /* Release */,
			);
			defaultConfigurationIsVisible = 0;
		};
		650BE4501E689456001CC0D8 /* Build configuration list for PBXNativeTarget "StudyUpUITests" */ = {
			isa = XCConfigurationList;
			buildConfigurations = (
				650BE4511E689456001CC0D8 /* Debug */,
				650BE4521E689456001CC0D8 /* Release */,
			);
			defaultConfigurationIsVisible = 0;
		};
/* End XCConfigurationList section */

/* Begin XCVersionGroup section */
		650BE4291E689456001CC0D8 /* StudyUp.xcdatamodeld */ = {
			isa = XCVersionGroup;
			children = (
				650BE42A1E689456001CC0D8 /* StudyUp.xcdatamodel */,
			);
			currentVersion = 650BE42A1E689456001CC0D8 /* StudyUp.xcdatamodel */;
			path = StudyUp.xcdatamodeld;
			sourceTree = "<group>";
			versionGroupType = wrapper.xcdatamodel;
		};
/* End XCVersionGroup section */
	};
	rootObject = 650BE4171E689456001CC0D8 /* Project object */;
}
